
Microsoft Visual Studio Solution File, Format Version 12.00
# Visual Studio Version 16
VisualStudioVersion = 16.0.31911.196
MinimumVisualStudioVersion = 10.0.40219.1
Project("{FAE04EC0-301F-11D3-BF4B-00C04F79EFBC}") = "Vadean_Flaviu_Lab8", "Vadean_Flaviu_Lab8.csproj", "{98993EFC-855F-4D40-8BFB-08460D95F0F2}"
EndProject
Global
	GlobalSection(SolutionConfigurationPlatforms) = preSolution
		Debug|Any CPU = Debug|Any CPU
		Release|Any CPU = Release|Any CPU
	EndGlobalSection
	GlobalSection(ProjectConfigurationPlatforms) = postSolution
		{98993EFC-855F-4D40-8BFB-08460D95F0F2}.Debug|Any CPU.ActiveCfg = Debug|Any CPU
		{98993EFC-855F-4D40-8BFB-08460D95F0F2}.Debug|Any CPU.Build.0 = Debug|Any CPU
		{98993EFC-855F-4D40-8BFB-08460D95F0F2}.Release|Any CPU.ActiveCfg = Release|Any CPU
		{98993EFC-855F-4D40-8BFB-08460D95F0F2}.Release|Any CPU.Build.0 = Release|Any CPU
	EndGlobalSection
	GlobalSection(SolutionProperties) = preSolution
		HideSolutionNode = FALSE
	EndGlobalSection
	GlobalSection(ExtensibilityGlobals) = postSolution
		SolutionGuid = {6D6696A8-E569-46A9-B0ED-6C406D1E0257}
	EndGlobalSection
EndGlobal
